{
  "nodes": {
    "crane": {
      "inputs": {
        "flake-compat": [
          "flake-compat"
        ],
        "flake-utils": "flake-utils",
        "nixpkgs": [
          "nixpkgs"
        ]
      },
      "locked": {
        "lastModified": 1660348133,
        "narHash": "sha256-FhK1DU5ZfVbp3z9cxAVJNBxTRuYmuCTjEWFj5GCbpjE=",
        "owner": "ipetkov",
        "repo": "crane",
        "rev": "b5ac03b201c0f5496f3d7899b21a369819f7c0e3",
        "type": "github"
      },
      "original": {
        "owner": "ipetkov",
        "repo": "crane",
        "type": "github"
      }
    },
    "flake-compat": {
      "flake": false,
      "locked": {
        "lastModified": 1650374568,
        "narHash": "sha256-Z+s0J8/r907g149rllvwhb4pKi8Wam5ij0st8PwAh+E=",
        "owner": "edolstra",
        "repo": "flake-compat",
        "rev": "b4a34015c698c7793d592d66adbab377907a2be8",
        "type": "github"
      },
      "original": {
        "owner": "edolstra",
        "repo": "flake-compat",
        "type": "github"
      }
    },
    "flake-utils": {
      "locked": {
        "lastModified": 1656928814,
        "narHash": "sha256-RIFfgBuKz6Hp89yRr7+NR5tzIAbn52h8vT6vXkYjZoM=",
        "owner": "numtide",
        "repo": "flake-utils",
        "rev": "7e2a3b3dfd9af950a856d66b0a7d01e3c18aa249",
        "type": "github"
      },
      "original": {
        "owner": "numtide",
        "repo": "flake-utils",
        "type": "github"
      }
    },
    "flake-utils_2": {
      "locked": {
        "lastModified": 1659877975,
        "narHash": "sha256-zllb8aq3YO3h8B/U0/J1WBgAL8EX5yWf5pMj3G0NAmc=",
        "owner": "numtide",
        "repo": "flake-utils",
        "rev": "c0e246b9b83f637f4681389ecabcb2681b4f3af0",
        "type": "github"
      },
      "original": {
        "owner": "numtide",
        "repo": "flake-utils",
        "type": "github"
      }
    },
    "master": {
      "locked": {
        "lastModified": 1659883534,
        "narHash": "sha256-klZ0PHO9PRLcQoP3/Y4nJ2P5jOf59lJynGLYttcNKk8=",
        "owner": "NixOS",
        "repo": "nixpkgs",
        "rev": "dcd89a1847bde396644523f5cf9ded631a53939a",
        "type": "github"
      },
      "original": {
        "id": "nixpkgs",
        "ref": "master",
        "type": "indirect"
      }
    },
    "nixpkgs": {
      "locked": {
        "lastModified": 1659859897,
        "narHash": "sha256-jAppjCqvzi5O1ODp8K8p4Kql1YgtnAnO3iAsbW3622U=",
        "owner": "NixOS",
        "repo": "nixpkgs",
        "rev": "3c8a5fa9a699d6910bbe70490918f1a4adc1e462",
        "type": "github"
      },
      "original": {
        "id": "nixpkgs",
        "ref": "nixos-unstable",
        "type": "indirect"
      }
    },
    "root": {
      "inputs": {
        "crane": "crane",
        "flake-compat": "flake-compat",
        "flake-utils": "flake-utils_2",
        "master": "master",
        "nixpkgs": "nixpkgs",
        "rust-overlay": "rust-overlay"
      }
    },
    "rust-overlay": {
      "inputs": {
        "flake-utils": [
          "flake-utils"
        ],
        "nixpkgs": [
          "nixpkgs"
        ]
      },
      "locked": {
        "lastModified": 1660358625,
        "narHash": "sha256-uv+ZtOAEeM5tw78CLdRQmbZyDZYc0piSflthG2kNnrc=",
        "owner": "oxalica",
        "repo": "rust-overlay",
        "rev": "18354cce8137aaef0d505d6f677e9bbdd542020d",
        "type": "github"
      },
      "original": {
        "owner": "oxalica",
        "repo": "rust-overlay",
        "type": "github"
      }
    }
  },
  "root": "root",
  "version": 7
}
