{
  "nodes": {
    "crane": {
      "inputs": {
        "flake-compat": [
          "flake-compat"
        ],
        "flake-utils": "flake-utils",
        "nixpkgs": [
          "nixpkgs"
        ]
      },
      "locked": {
        "lastModified": 1655078190,
        "narHash": "sha256-ZFzXWRyN/YpvkrOKH+LHHX9SvfB7jLFNHt6yUqlZPbM=",
        "owner": "ipetkov",
        "repo": "crane",
        "rev": "4a3f1394b2bc7f735f43998fc15c94579ea1d13c",
        "type": "github"
      },
      "original": {
        "owner": "ipetkov",
        "repo": "crane",
        "type": "github"
      }
    },
    "flake-compat": {
      "flake": false,
      "locked": {
        "lastModified": 1650374568,
        "narHash": "sha256-Z+s0J8/r907g149rllvwhb4pKi8Wam5ij0st8PwAh+E=",
        "owner": "edolstra",
        "repo": "flake-compat",
        "rev": "b4a34015c698c7793d592d66adbab377907a2be8",
        "type": "github"
      },
      "original": {
        "owner": "edolstra",
        "repo": "flake-compat",
        "type": "github"
      }
    },
    "flake-utils": {
      "locked": {
        "lastModified": 1653893745,
        "narHash": "sha256-0jntwV3Z8//YwuOjzhV2sgJJPt+HY6KhU7VZUL0fKZQ=",
        "owner": "numtide",
        "repo": "flake-utils",
        "rev": "1ed9fb1935d260de5fe1c2f7ee0ebaae17ed2fa1",
        "type": "github"
      },
      "original": {
        "owner": "numtide",
        "repo": "flake-utils",
        "type": "github"
      }
    },
    "flake-utils_2": {
      "locked": {
        "lastModified": 1656065134,
        "narHash": "sha256-oc6E6ByIw3oJaIyc67maaFcnjYOz1mMcOtHxbEf9NwQ=",
        "owner": "numtide",
        "repo": "flake-utils",
        "rev": "bee6a7250dd1b01844a2de7e02e4df7d8a0a206c",
        "type": "github"
      },
      "original": {
        "owner": "numtide",
        "repo": "flake-utils",
        "type": "github"
      }
    },
    "master": {
      "locked": {
        "lastModified": 1656262520,
        "narHash": "sha256-s6WY48Wm1B3ijcm+tFWBeD3EQ6PJYfTr1x/IzxkSS80=",
        "owner": "NixOS",
        "repo": "nixpkgs",
        "rev": "3c9e839a2c70b2ce5ef616be91f0f8eb6208fd8e",
        "type": "github"
      },
      "original": {
        "id": "nixpkgs",
        "ref": "master",
        "type": "indirect"
      }
    },
    "nixpkgs": {
      "locked": {
        "lastModified": 1656150502,
        "narHash": "sha256-Kd9xEjb8XS+hkI16tL9eArggCOoAnv1KCpaLIj6AaZc=",
        "owner": "NixOS",
        "repo": "nixpkgs",
        "rev": "66e8dceabcd021ed8d96b578eb4a3696ca8dd0f2",
        "type": "github"
      },
      "original": {
        "id": "nixpkgs",
        "ref": "nixos-unstable",
        "type": "indirect"
      }
    },
    "root": {
      "inputs": {
        "crane": "crane",
        "flake-compat": "flake-compat",
        "flake-utils": "flake-utils_2",
        "master": "master",
        "nixpkgs": "nixpkgs",
        "rust-overlay": "rust-overlay"
      }
    },
    "rust-overlay": {
      "inputs": {
        "flake-utils": [
          "flake-utils"
        ],
        "nixpkgs": [
          "nixpkgs"
        ]
      },
      "locked": {
        "lastModified": 1656211780,
        "narHash": "sha256-pKU6knP1wD7Co/mROj2DvnYqr92RGm0bWnsJu/rb/JQ=",
        "owner": "oxalica",
        "repo": "rust-overlay",
        "rev": "37ab3d00e8caaad1d1d3f78c9282d3d5435fc2ba",
        "type": "github"
      },
      "original": {
        "owner": "oxalica",
        "repo": "rust-overlay",
        "type": "github"
      }
    }
  },
  "root": "root",
  "version": 7
}
